
Microsoft Visual Studio Solution File, Format Version 12.00
# Visual Studio Version 17
VisualStudioVersion = 17.4.33205.214
MinimumVisualStudioVersion = 10.0.40219.1
Project("{9A19103F-16F7-4668-BE54-9A1E7A4F7556}") = "Add2Cart", "Add2Cart\Add2Cart.csproj", "{EA06D1AD-5CD4-4F14-ABEA-46FA844EA9D1}"
EndProject
Project("{9A19103F-16F7-4668-BE54-9A1E7A4F7556}") = "Add2CartModels", "..\Add2CartModels\Add2CartModels\Add2CartModels.csproj", "{E782009A-4B0F-4B9D-8327-76D360BB8C6F}"
EndProject
Global
	GlobalSection(SolutionConfigurationPlatforms) = preSolution
		Debug|Any CPU = Debug|Any CPU
		Release|Any CPU = Release|Any CPU
	EndGlobalSection
	GlobalSection(ProjectConfigurationPlatforms) = postSolution
		{EA06D1AD-5CD4-4F14-ABEA-46FA844EA9D1}.Debug|Any CPU.ActiveCfg = Debug|Any CPU
		{EA06D1AD-5CD4-4F14-ABEA-46FA844EA9D1}.Debug|Any CPU.Build.0 = Debug|Any CPU
		{EA06D1AD-5CD4-4F14-ABEA-46FA844EA9D1}.Release|Any CPU.ActiveCfg = Release|Any CPU
		{EA06D1AD-5CD4-4F14-ABEA-46FA844EA9D1}.Release|Any CPU.Build.0 = Release|Any CPU
		{E782009A-4B0F-4B9D-8327-76D360BB8C6F}.Debug|Any CPU.ActiveCfg = Debug|Any CPU
		{E782009A-4B0F-4B9D-8327-76D360BB8C6F}.Debug|Any CPU.Build.0 = Debug|Any CPU
		{E782009A-4B0F-4B9D-8327-76D360BB8C6F}.Release|Any CPU.ActiveCfg = Release|Any CPU
		{E782009A-4B0F-4B9D-8327-76D360BB8C6F}.Release|Any CPU.Build.0 = Release|Any CPU
	EndGlobalSection
	GlobalSection(SolutionProperties) = preSolution
		HideSolutionNode = FALSE
	EndGlobalSection
	GlobalSection(ExtensibilityGlobals) = postSolution
		SolutionGuid = {FACCE3A9-CEE1-4488-9782-007183B6088E}
	EndGlobalSection
EndGlobal
